
Microsoft Visual Studio Solution File, Format Version 10.00
# Visual C++ Express 2008
Project("{8BC9CEB8-8B4A-11D0-8D11-00A0C91BC942}") = "pblkftst", "pblkftstdeb.vcproj", "{3B284C67-DA38-400D-810D-AC15C9BF611A}"
EndProject
Global
	GlobalSection(SolutionConfigurationPlatforms) = preSolution
		Debug mt static|Win32 = Debug mt static|Win32
	EndGlobalSection
	GlobalSection(ProjectConfigurationPlatforms) = postSolution
		{3B284C67-DA38-400D-810D-AC15C9BF611A}.Debug mt static|Win32.ActiveCfg = Debug mt static|Win32
		{3B284C67-DA38-400D-810D-AC15C9BF611A}.Debug mt static|Win32.Build.0 = Debug mt static|Win32
	EndGlobalSection
	GlobalSection(SolutionProperties) = preSolution
		HideSolutionNode = FALSE
	EndGlobalSection
EndGlobal
